// !$*UTF8*$!
{
	archiveVersion = 1;
	classes = {
	};
	objectVersion = 48;
	objects = {

/* Begin PBXBuildFile section */
		47D7B6A11FCD983900D50366 /* AppDelegate.m in Sources */ = {isa = PBXBuildFile; fileRef = 47D7B6A01FCD983900D50366 /* AppDelegate.m */; };
		47D7B6A41FCD983900D50366 /* ViewController.m in Sources */ = {isa = PBXBuildFile; fileRef = 47D7B6A31FCD983900D50366 /* ViewController.m */; };
		47D7B6A71FCD983900D50366 /* Main.storyboard in Resources */ = {isa = PBXBuildFile; fileRef = 47D7B6A51FCD983900D50366 /* Main.storyboard */; };
		47D7B6AA1FCD983900D50366 /* Germanisy_ObjectiveC.xcdatamodeld in Sources */ = {isa = PBXBuildFile; fileRef = 47D7B6A81FCD983900D50366 /* Germanisy_ObjectiveC.xcdatamodeld */; };
		47D7B6AC1FCD983900D50366 /* Assets.xcassets in Resources */ = {isa = PBXBuildFile; fileRef = 47D7B6AB1FCD983900D50366 /* Assets.xcassets */; };
		47D7B6AF1FCD983900D50366 /* LaunchScreen.storyboard in Resources */ = {isa = PBXBuildFile; fileRef = 47D7B6AD1FCD983900D50366 /* LaunchScreen.storyboard */; };
		47D7B6B21FCD983900D50366 /* main.m in Sources */ = {isa = PBXBuildFile; fileRef = 47D7B6B11FCD983900D50366 /* main.m */; };
		47D7B6BC1FCD983900D50366 /* Germanisy_ObjectiveCTests.m in Sources */ = {isa = PBXBuildFile; fileRef = 47D7B6BB1FCD983900D50366 /* Germanisy_ObjectiveCTests.m */; };
		47D7B6C71FCD983900D50366 /* Germanisy_ObjectiveCUITests.m in Sources */ = {isa = PBXBuildFile; fileRef = 47D7B6C61FCD983900D50366 /* Germanisy_ObjectiveCUITests.m */; };
/* End PBXBuildFile section */

/* Begin PBXContainerItemProxy section */
		47D7B6B81FCD983900D50366 /* PBXContainerItemProxy */ = {
			isa = PBXContainerItemProxy;
			containerPortal = 47D7B6941FCD983900D50366 /* Project object */;
			proxyType = 1;
			remoteGlobalIDString = 47D7B69B1FCD983900D50366;
			remoteInfo = "Germanisy-ObjectiveC";
		};
		47D7B6C31FCD983900D50366 /* PBXContainerItemProxy */ = {
			isa = PBXContainerItemProxy;
			containerPortal = 47D7B6941FCD983900D50366 /* Project object */;
			proxyType = 1;
			remoteGlobalIDString = 47D7B69B1FCD983900D50366;
			remoteInfo = "Germanisy-ObjectiveC";
		};
/* End PBXContainerItemProxy section */

/* Begin PBXFileReference section */
		47D7B69C1FCD983900D50366 /* Germanisy-ObjectiveC.app */ = {isa = PBXFileReference; explicitFileType = wrapper.application; includeInIndex = 0; path = "Germanisy-ObjectiveC.app"; sourceTree = BUILT_PRODUCTS_DIR; };
		47D7B69F1FCD983900D50366 /* AppDelegate.h */ = {isa = PBXFileReference; lastKnownFileType = sourcecode.c.h; path = AppDelegate.h; sourceTree = "<group>"; };
		47D7B6A01FCD983900D50366 /* AppDelegate.m */ = {isa = PBXFileReference; lastKnownFileType = sourcecode.c.objc; path = AppDelegate.m; sourceTree = "<group>"; };
		47D7B6A21FCD983900D50366 /* ViewController.h */ = {isa = PBXFileReference; lastKnownFileType = sourcecode.c.h; path = ViewController.h; sourceTree = "<group>"; };
		47D7B6A31FCD983900D50366 /* ViewController.m */ = {isa = PBXFileReference; lastKnownFileType = sourcecode.c.objc; path = ViewController.m; sourceTree = "<group>"; };
		47D7B6A61FCD983900D50366 /* Base */ = {isa = PBXFileReference; lastKnownFileType = file.storyboard; name = Base; path = Base.lproj/Main.storyboard; sourceTree = "<group>"; };
		47D7B6A91FCD983900D50366 /* Germanisy_ObjectiveC.xcdatamodel */ = {isa = PBXFileReference; lastKnownFileType = wrapper.xcdatamodel; path = Germanisy_ObjectiveC.xcdatamodel; sourceTree = "<group>"; };
		47D7B6AB1FCD983900D50366 /* Assets.xcassets */ = {isa = PBXFileReference; lastKnownFileType = folder.assetcatalog; path = Assets.xcassets; sourceTree = "<group>"; };
		47D7B6AE1FCD983900D50366 /* Base */ = {isa = PBXFileReference; lastKnownFileType = file.storyboard; name = Base; path = Base.lproj/LaunchScreen.storyboard; sourceTree = "<group>"; };
		47D7B6B01FCD983900D50366 /* Info.plist */ = {isa = PBXFileReference; lastKnownFileType = text.plist.xml; path = Info.plist; sourceTree = "<group>"; };
		47D7B6B11FCD983900D50366 /* main.m */ = {isa = PBXFileReference; lastKnownFileType = sourcecode.c.objc; path = main.m; sourceTree = "<group>"; };
		47D7B6B71FCD983900D50366 /* Germanisy-ObjectiveCTests.xctest */ = {isa = PBXFileReference; explicitFileType = wrapper.cfbundle; includeInIndex = 0; path = "Germanisy-ObjectiveCTests.xctest"; sourceTree = BUILT_PRODUCTS_DIR; };
		47D7B6BB1FCD983900D50366 /* Germanisy_ObjectiveCTests.m */ = {isa = PBXFileReference; lastKnownFileType = sourcecode.c.objc; path = Germanisy_ObjectiveCTests.m; sourceTree = "<group>"; };
		47D7B6BD1FCD983900D50366 /* Info.plist */ = {isa = PBXFileReference; lastKnownFileType = text.plist.xml; path = Info.plist; sourceTree = "<group>"; };
		47D7B6C21FCD983900D50366 /* Germanisy-ObjectiveCUITests.xctest */ = {isa = PBXFileReference; explicitFileType = wrapper.cfbundle; includeInIndex = 0; path = "Germanisy-ObjectiveCUITests.xctest"; sourceTree = BUILT_PRODUCTS_DIR; };
		47D7B6C61FCD983900D50366 /* Germanisy_ObjectiveCUITests.m */ = {isa = PBXFileReference; lastKnownFileType = sourcecode.c.objc; path = Germanisy_ObjectiveCUITests.m; sourceTree = "<group>"; };
		47D7B6C81FCD983900D50366 /* Info.plist */ = {isa = PBXFileReference; lastKnownFileType = text.plist.xml; path = Info.plist; sourceTree = "<group>"; };
		47D7B6D41FCD99A400D50366 /* Germanisy-ObjectiveC.entitlements */ = {isa = PBXFileReference; lastKnownFileType = text.plist.entitlements; path = "Germanisy-ObjectiveC.entitlements"; sourceTree = "<group>"; };
/* End PBXFileReference section */

/* Begin PBXFrameworksBuildPhase section */
		47D7B6991FCD983900D50366 /* Frameworks */ = {
			isa = PBXFrameworksBuildPhase;
			buildActionMask = 2147483647;
			files = (
			);
			runOnlyForDeploymentPostprocessing = 0;
		};
		47D7B6B41FCD983900D50366 /* Frameworks */ = {
			isa = PBXFrameworksBuildPhase;
			buildActionMask = 2147483647;
			files = (
			);
			runOnlyForDeploymentPostprocessing = 0;
		};
		47D7B6BF1FCD983900D50366 /* Frameworks */ = {
			isa = PBXFrameworksBuildPhase;
			buildActionMask = 2147483647;
			files = (
			);
			runOnlyForDeploymentPostprocessing = 0;
		};
/* End PBXFrameworksBuildPhase section */

/* Begin PBXGroup section */
		47D7B6931FCD983900D50366 = {
			isa = PBXGroup;
			children = (
				47D7B69E1FCD983900D50366 /* Germanisy-ObjectiveC */,
				47D7B6BA1FCD983900D50366 /* Germanisy-ObjectiveCTests */,
				47D7B6C51FCD983900D50366 /* Germanisy-ObjectiveCUITests */,
				47D7B69D1FCD983900D50366 /* Products */,
			);
			sourceTree = "<group>";
		};
		47D7B69D1FCD983900D50366 /* Products */ = {
			isa = PBXGroup;
			children = (
				47D7B69C1FCD983900D50366 /* Germanisy-ObjectiveC.app */,
				47D7B6B71FCD983900D50366 /* Germanisy-ObjectiveCTests.xctest */,
				47D7B6C21FCD983900D50366 /* Germanisy-ObjectiveCUITests.xctest */,
			);
			name = Products;
			sourceTree = "<group>";
		};
		47D7B69E1FCD983900D50366 /* Germanisy-ObjectiveC */ = {
			isa = PBXGroup;
			children = (
				47D7B6D41FCD99A400D50366 /* Germanisy-ObjectiveC.entitlements */,
				47D7B69F1FCD983900D50366 /* AppDelegate.h */,
				47D7B6A01FCD983900D50366 /* AppDelegate.m */,
				47D7B6A21FCD983900D50366 /* ViewController.h */,
				47D7B6A31FCD983900D50366 /* ViewController.m */,
				47D7B6A51FCD983900D50366 /* Main.storyboard */,
				47D7B6AB1FCD983900D50366 /* Assets.xcassets */,
				47D7B6AD1FCD983900D50366 /* LaunchScreen.storyboard */,
				47D7B6B01FCD983900D50366 /* Info.plist */,
				47D7B6B11FCD983900D50366 /* main.m */,
				47D7B6A81FCD983900D50366 /* Germanisy_ObjectiveC.xcdatamodeld */,
			);
			path = "Germanisy-ObjectiveC";
			sourceTree = "<group>";
		};
		47D7B6BA1FCD983900D50366 /* Germanisy-ObjectiveCTests */ = {
			isa = PBXGroup;
			children = (
				47D7B6BB1FCD983900D50366 /* Germanisy_ObjectiveCTests.m */,
				47D7B6BD1FCD983900D50366 /* Info.plist */,
			);
			path = "Germanisy-ObjectiveCTests";
			sourceTree = "<group>";
		};
		47D7B6C51FCD983900D50366 /* Germanisy-ObjectiveCUITests */ = {
			isa = PBXGroup;
			children = (
				47D7B6C61FCD983900D50366 /* Germanisy_ObjectiveCUITests.m */,
				47D7B6C81FCD983900D50366 /* Info.plist */,
			);
			path = "Germanisy-ObjectiveCUITests";
			sourceTree = "<group>";
		};
/* End PBXGroup section */

/* Begin PBXNativeTarget section */
		47D7B69B1FCD983900D50366 /* Germanisy-ObjectiveC */ = {
			isa = PBXNativeTarget;
			buildConfigurationList = 47D7B6CB1FCD983900D50366 /* Build configuration list for PBXNativeTarget "Germanisy-ObjectiveC" */;
			buildPhases = (
				47D7B6981FCD983900D50366 /* Sources */,
				47D7B6991FCD983900D50366 /* Frameworks */,
				47D7B69A1FCD983900D50366 /* Resources */,
			);
			buildRules = (
			);
			dependencies = (
			);
			name = "Germanisy-ObjectiveC";
			productName = "Germanisy-ObjectiveC";
			productReference = 47D7B69C1FCD983900D50366 /* Germanisy-ObjectiveC.app */;
			productType = "com.apple.product-type.application";
		};
		47D7B6B61FCD983900D50366 /* Germanisy-ObjectiveCTests */ = {
			isa = PBXNativeTarget;
			buildConfigurationList = 47D7B6CE1FCD983900D50366 /* Build configuration list for PBXNativeTarget "Germanisy-ObjectiveCTests" */;
			buildPhases = (
				47D7B6B31FCD983900D50366 /* Sources */,
				47D7B6B41FCD983900D50366 /* Frameworks */,
				47D7B6B51FCD983900D50366 /* Resources */,
			);
			buildRules = (
			);
			dependencies = (
				47D7B6B91FCD983900D50366 /* PBXTargetDependency */,
			);
			name = "Germanisy-ObjectiveCTests";
			productName = "Germanisy-ObjectiveCTests";
			productReference = 47D7B6B71FCD983900D50366 /* Germanisy-ObjectiveCTests.xctest */;
			productType = "com.apple.product-type.bundle.unit-test";
		};
		47D7B6C11FCD983900D50366 /* Germanisy-ObjectiveCUITests */ = {
			isa = PBXNativeTarget;
			buildConfigurationList = 47D7B6D11FCD983900D50366 /* Build configuration list for PBXNativeTarget "Germanisy-ObjectiveCUITests" */;
			buildPhases = (
				47D7B6BE1FCD983900D50366 /* Sources */,
				47D7B6BF1FCD983900D50366 /* Frameworks */,
				47D7B6C01FCD983900D50366 /* Resources */,
			);
			buildRules = (
			);
			dependencies = (
				47D7B6C41FCD983900D50366 /* PBXTargetDependency */,
			);
			name = "Germanisy-ObjectiveCUITests";
			productName = "Germanisy-ObjectiveCUITests";
			productReference = 47D7B6C21FCD983900D50366 /* Germanisy-ObjectiveCUITests.xctest */;
			productType = "com.apple.product-type.bundle.ui-testing";
		};
/* End PBXNativeTarget section */

/* Begin PBXProject section */
		47D7B6941FCD983900D50366 /* Project object */ = {
			isa = PBXProject;
			attributes = {
				LastUpgradeCheck = 0910;
				ORGANIZATIONNAME = inskire;
				TargetAttributes = {
					47D7B69B1FCD983900D50366 = {
						CreatedOnToolsVersion = 9.1;
						ProvisioningStyle = Automatic;
						SystemCapabilities = {
							com.apple.Push = {
								enabled = 1;
							};
						};
					};
					47D7B6B61FCD983900D50366 = {
						CreatedOnToolsVersion = 9.1;
						ProvisioningStyle = Automatic;
						TestTargetID = 47D7B69B1FCD983900D50366;
					};
					47D7B6C11FCD983900D50366 = {
						CreatedOnToolsVersion = 9.1;
						ProvisioningStyle = Automatic;
						TestTargetID = 47D7B69B1FCD983900D50366;
					};
				};
			};
			buildConfigurationList = 47D7B6971FCD983900D50366 /* Build configuration list for PBXProject "Germanisy-ObjectiveC" */;
			compatibilityVersion = "Xcode 8.0";
			developmentRegion = en;
			hasScannedForEncodings = 0;
			knownRegions = (
				en,
				Base,
			);
			mainGroup = 47D7B6931FCD983900D50366;
			productRefGroup = 47D7B69D1FCD983900D50366 /* Products */;
			projectDirPath = "";
			projectRoot = "";
			targets = (
				47D7B69B1FCD983900D50366 /* Germanisy-ObjectiveC */,
				47D7B6B61FCD983900D50366 /* Germanisy-ObjectiveCTests */,
				47D7B6C11FCD983900D50366 /* Germanisy-ObjectiveCUITests */,
			);
		};
/* End PBXProject section */

/* Begin PBXResourcesBuildPhase section */
		47D7B69A1FCD983900D50366 /* Resources */ = {
			isa = PBXResourcesBuildPhase;
			buildActionMask = 2147483647;
			files = (
				47D7B6AF1FCD983900D50366 /* LaunchScreen.storyboard in Resources */,
				47D7B6AC1FCD983900D50366 /* Assets.xcassets in Resources */,
				47D7B6A71FCD983900D50366 /* Main.storyboard in Resources */,
			);
			runOnlyForDeploymentPostprocessing = 0;
		};
		47D7B6B51FCD983900D50366 /* Resources */ = {
			isa = PBXResourcesBuildPhase;
			buildActionMask = 2147483647;
			files = (
			);
			runOnlyForDeploymentPostprocessing = 0;
		};
		47D7B6C01FCD983900D50366 /* Resources */ = {
			isa = PBXResourcesBuildPhase;
			buildActionMask = 2147483647;
			files = (
			);
			runOnlyForDeploymentPostprocessing = 0;
		};
/* End PBXResourcesBuildPhase section */

/* Begin PBXSourcesBuildPhase section */
		47D7B6981FCD983900D50366 /* Sources */ = {
			isa = PBXSourcesBuildPhase;
			buildActionMask = 2147483647;
			files = (
				47D7B6A41FCD983900D50366 /* ViewController.m in Sources */,
				47D7B6AA1FCD983900D50366 /* Germanisy_ObjectiveC.xcdatamodeld in Sources */,
				47D7B6B21FCD983900D50366 /* main.m in Sources */,
				47D7B6A11FCD983900D50366 /* AppDelegate.m in Sources */,
			);
			runOnlyForDeploymentPostprocessing = 0;
		};
		47D7B6B31FCD983900D50366 /* Sources */ = {
			isa = PBXSourcesBuildPhase;
			buildActionMask = 2147483647;
			files = (
				47D7B6BC1FCD983900D50366 /* Germanisy_ObjectiveCTests.m in Sources */,
			);
			runOnlyForDeploymentPostprocessing = 0;
		};
		47D7B6BE1FCD983900D50366 /* Sources */ = {
			isa = PBXSourcesBuildPhase;
			buildActionMask = 2147483647;
			files = (
				47D7B6C71FCD983900D50366 /* Germanisy_ObjectiveCUITests.m in Sources */,
			);
			runOnlyForDeploymentPostprocessing = 0;
		};
/* End PBXSourcesBuildPhase section */

/* Begin PBXTargetDependency section */
		47D7B6B91FCD983900D50366 /* PBXTargetDependency */ = {
			isa = PBXTargetDependency;
			target = 47D7B69B1FCD983900D50366 /* Germanisy-ObjectiveC */;
			targetProxy = 47D7B6B81FCD983900D50366 /* PBXContainerItemProxy */;
		};
		47D7B6C41FCD983900D50366 /* PBXTargetDependency */ = {
			isa = PBXTargetDependency;
			target = 47D7B69B1FCD983900D50366 /* Germanisy-ObjectiveC */;
			targetProxy = 47D7B6C31FCD983900D50366 /* PBXContainerItemProxy */;
		};
/* End PBXTargetDependency section */

/* Begin PBXVariantGroup section */
		47D7B6A51FCD983900D50366 /* Main.storyboard */ = {
			isa = PBXVariantGroup;
			children = (
				47D7B6A61FCD983900D50366 /* Base */,
			);
			name = Main.storyboard;
			sourceTree = "<group>";
		};
		47D7B6AD1FCD983900D50366 /* LaunchScreen.storyboard */ = {
			isa = PBXVariantGroup;
			children = (
				47D7B6AE1FCD983900D50366 /* Base */,
			);
			name = LaunchScreen.storyboard;
			sourceTree = "<group>";
		};
/* End PBXVariantGroup section */

/* Begin XCBuildConfiguration section */
		47D7B6C91FCD983900D50366 /* Debug */ = {
			isa = XCBuildConfiguration;
			buildSettings = {
				ALWAYS_SEARCH_USER_PATHS = NO;
				CLANG_ANALYZER_NONNULL = YES;
				CLANG_ANALYZER_NUMBER_OBJECT_CONVERSION = YES_AGGRESSIVE;
				CLANG_CXX_LANGUAGE_STANDARD = "gnu++14";
				CLANG_CXX_LIBRARY = "libc++";
				CLANG_ENABLE_MODULES = YES;
				CLANG_ENABLE_OBJC_ARC = YES;
				CLANG_WARN_BLOCK_CAPTURE_AUTORELEASING = YES;
				CLANG_WARN_BOOL_CONVERSION = YES;
				CLANG_WARN_COMMA = YES;
				CLANG_WARN_CONSTANT_CONVERSION = YES;
				CLANG_WARN_DIRECT_OBJC_ISA_USAGE = YES_ERROR;
				CLANG_WARN_DOCUMENTATION_COMMENTS = YES;
				CLANG_WARN_EMPTY_BODY = YES;
				CLANG_WARN_ENUM_CONVERSION = YES;
				CLANG_WARN_INFINITE_RECURSION = YES;
				CLANG_WARN_INT_CONVERSION = YES;
				CLANG_WARN_NON_LITERAL_NULL_CONVERSION = YES;
				CLANG_WARN_OBJC_LITERAL_CONVERSION = YES;
				CLANG_WARN_OBJC_ROOT_CLASS = YES_ERROR;
				CLANG_WARN_RANGE_LOOP_ANALYSIS = YES;
				CLANG_WARN_STRICT_PROTOTYPES = YES;
				CLANG_WARN_SUSPICIOUS_MOVE = YES;
				CLANG_WARN_UNGUARDED_AVAILABILITY = YES_AGGRESSIVE;
				CLANG_WARN_UNREACHABLE_CODE = YES;
				CLANG_WARN__DUPLICATE_METHOD_MATCH = YES;
				CODE_SIGN_IDENTITY = "iPhone Developer";
				COPY_PHASE_STRIP = NO;
				DEBUG_INFORMATION_FORMAT = dwarf;
				ENABLE_STRICT_OBJC_MSGSEND = YES;
				ENABLE_TESTABILITY = YES;
				GCC_C_LANGUAGE_STANDARD = gnu11;
				GCC_DYNAMIC_NO_PIC = NO;
				GCC_NO_COMMON_BLOCKS = YES;
				GCC_OPTIMIZATION_LEVEL = 0;
				GCC_PREPROCESSOR_DEFINITIONS = (
					"DEBUG=1",
					"$(inherited)",
				);
				GCC_WARN_64_TO_32_BIT_CONVERSION = YES;
				GCC_WARN_ABOUT_RETURN_TYPE = YES_ERROR;
				GCC_WARN_UNDECLARED_SELECTOR = YES;
				GCC_WARN_UNINITIALIZED_AUTOS = YES_AGGRESSIVE;
				GCC_WARN_UNUSED_FUNCTION = YES;
				GCC_WARN_UNUSED_VARIABLE = YES;
				IPHONEOS_DEPLOYMENT_TARGET = 11.1;
				MTL_ENABLE_DEBUG_INFO = YES;
				ONLY_ACTIVE_ARCH = YES;
				SDKROOT = iphoneos;
			};
			name = Debug;
		};
		47D7B6CA1FCD983900D50366 /* Release */ = {
			isa = XCBuildConfiguration;
			buildSettings = {
				ALWAYS_SEARCH_USER_PATHS = NO;
				CLANG_ANALYZER_NONNULL = YES;
				CLANG_ANALYZER_NUMBER_OBJECT_CONVERSION = YES_AGGRESSIVE;
				CLANG_CXX_LANGUAGE_STANDARD = "gnu++14";
				CLANG_CXX_LIBRARY = "libc++";
				CLANG_ENABLE_MODULES = YES;
				CLANG_ENABLE_OBJC_ARC = YES;
				CLANG_WARN_BLOCK_CAPTURE_AUTORELEASING = YES;
				CLANG_WARN_BOOL_CONVERSION = YES;
				CLANG_WARN_COMMA = YES;
				CLANG_WARN_CONSTANT_CONVERSION = YES;
				CLANG_WARN_DIRECT_OBJC_ISA_USAGE = YES_ERROR;
				CLANG_WARN_DOCUMENTATION_COMMENTS = YES;
				CLANG_WARN_EMPTY_BODY = YES;
				CLANG_WARN_ENUM_CONVERSION = YES;
				CLANG_WARN_INFINITE_RECURSION = YES;
				CLANG_WARN_INT_CONVERSION = YES;
				CLANG_WARN_NON_LITERAL_NULL_CONVERSION = YES;
				CLANG_WARN_OBJC_LITERAL_CONVERSION = YES;
				CLANG_WARN_OBJC_ROOT_CLASS = YES_ERROR;
				CLANG_WARN_RANGE_LOOP_ANALYSIS = YES;
				CLANG_WARN_STRICT_PROTOTYPES = YES;
				CLANG_WARN_SUSPICIOUS_MOVE = YES;
				CLANG_WARN_UNGUARDED_AVAILABILITY = YES_AGGRESSIVE;
				CLANG_WARN_UNREACHABLE_CODE = YES;
				CLANG_WARN__DUPLICATE_METHOD_MATCH = YES;
				CODE_SIGN_IDENTITY = "iPhone Developer";
				COPY_PHASE_STRIP = NO;
				DEBUG_INFORMATION_FORMAT = "dwarf-with-dsym";
				ENABLE_NS_ASSERTIONS = NO;
				ENABLE_STRICT_OBJC_MSGSEND = YES;
				GCC_C_LANGUAGE_STANDARD = gnu11;
				GCC_NO_COMMON_BLOCKS = YES;
				GCC_WARN_64_TO_32_BIT_CONVERSION = YES;
				GCC_WARN_ABOUT_RETURN_TYPE = YES_ERROR;
				GCC_WARN_UNDECLARED_SELECTOR = YES;
				GCC_WARN_UNINITIALIZED_AUTOS = YES_AGGRESSIVE;
				GCC_WARN_UNUSED_FUNCTION = YES;
				GCC_WARN_UNUSED_VARIABLE = YES;
				IPHONEOS_DEPLOYMENT_TARGET = 11.1;
				MTL_ENABLE_DEBUG_INFO = NO;
				SDKROOT = iphoneos;
				VALIDATE_PRODUCT = YES;
			};
			name = Release;
		};
		47D7B6CC1FCD983900D50366 /* Debug */ = {
			isa = XCBuildConfiguration;
			buildSettings = {
				ASSETCATALOG_COMPILER_APPICON_NAME = AppIcon;
				CODE_SIGN_ENTITLEMENTS = "Germanisy-ObjectiveC/Germanisy-ObjectiveC.entitlements";
				CODE_SIGN_STYLE = Automatic;
				DEVELOPMENT_TEAM = Z5XZXP9RS3;
				INFOPLIST_FILE = "Germanisy-ObjectiveC/Info.plist";
				IPHONEOS_DEPLOYMENT_TARGET = 10.0;
				LD_RUNPATH_SEARCH_PATHS = "$(inherited) @executable_path/Frameworks";
				PRODUCT_BUNDLE_IDENTIFIER = "com.inskire.Germanisy-ObjectiveC";
				PRODUCT_NAME = "$(TARGET_NAME)";
				TARGETED_DEVICE_FAMILY = 1;
			};
			name = Debug;
		};
		47D7B6CD1FCD983900D50366 /* Release */ = {
			isa = XCBuildConfiguration;
			buildSettings = {
				ASSETCATALOG_COMPILER_APPICON_NAME = AppIcon;
				CODE_SIGN_ENTITLEMENTS = "Germanisy-ObjectiveC/Germanisy-ObjectiveC.entitlements";
				CODE_SIGN_STYLE = Automatic;
				DEVELOPMENT_TEAM = Z5XZXP9RS3;
				INFOPLIST_FILE = "Germanisy-ObjectiveC/Info.plist";
				IPHONEOS_DEPLOYMENT_TARGET = 10.0;
				LD_RUNPATH_SEARCH_PATHS = "$(inherited) @executable_path/Frameworks";
				PRODUCT_BUNDLE_IDENTIFIER = "com.inskire.Germanisy-ObjectiveC";
				PRODUCT_NAME = "$(TARGET_NAME)";
				TARGETED_DEVICE_FAMILY = 1;
			};
			name = Release;
		};
		47D7B6CF1FCD983900D50366 /* Debug */ = {
			isa = XCBuildConfiguration;
			buildSettings = {
				BUNDLE_LOADER = "$(TEST_HOST)";
				CODE_SIGN_STYLE = Automatic;
				DEVELOPMENT_TEAM = Z5XZXP9RS3;
				INFOPLIST_FILE = "Germanisy-ObjectiveCTests/Info.plist";
				LD_RUNPATH_SEARCH_PATHS = "$(inherited) @executable_path/Frameworks @loader_path/Frameworks";
				PRODUCT_BUNDLE_IDENTIFIER = "com.inskire.Germanisy-ObjectiveCTests";
				PRODUCT_NAME = "$(TARGET_NAME)";
				TARGETED_DEVICE_FAMILY = "1,2";
				TEST_HOST = "$(BUILT_PRODUCTS_DIR)/Germanisy-ObjectiveC.app/Germanisy-ObjectiveC";
			};
			name = Debug;
		};
		47D7B6D01FCD983900D50366 /* Release */ = {
			isa = XCBuildConfiguration;
			buildSettings = {
				BUNDLE_LOADER = "$(TEST_HOST)";
				CODE_SIGN_STYLE = Automatic;
				DEVELOPMENT_TEAM = Z5XZXP9RS3;
				INFOPLIST_FILE = "Germanisy-ObjectiveCTests/Info.plist";
				LD_RUNPATH_SEARCH_PATHS = "$(inherited) @executable_path/Frameworks @loader_path/Frameworks";
				PRODUCT_BUNDLE_IDENTIFIER = "com.inskire.Germanisy-ObjectiveCTests";
				PRODUCT_NAME = "$(TARGET_NAME)";
				TARGETED_DEVICE_FAMILY = "1,2";
				TEST_HOST = "$(BUILT_PRODUCTS_DIR)/Germanisy-ObjectiveC.app/Germanisy-ObjectiveC";
			};
			name = Release;
		};
		47D7B6D21FCD983900D50366 /* Debug */ = {
			isa = XCBuildConfiguration;
			buildSettings = {
				CODE_SIGN_STYLE = Automatic;
				DEVELOPMENT_TEAM = Z5XZXP9RS3;
				INFOPLIST_FILE = "Germanisy-ObjectiveCUITests/Info.plist";
				LD_RUNPATH_SEARCH_PATHS = "$(inherited) @executable_path/Frameworks @loader_path/Frameworks";
				PRODUCT_BUNDLE_IDENTIFIER = "com.inskire.Germanisy-ObjectiveCUITests";
				PRODUCT_NAME = "$(TARGET_NAME)";
				TARGETED_DEVICE_FAMILY = "1,2";
				TEST_TARGET_NAME = "Germanisy-ObjectiveC";
			};
			name = Debug;
		};
		47D7B6D31FCD983900D50366 /* Release */ = {
			isa = XCBuildConfiguration;
			buildSettings = {
				CODE_SIGN_STYLE = Automatic;
				DEVELOPMENT_TEAM = Z5XZXP9RS3;
				INFOPLIST_FILE = "Germanisy-ObjectiveCUITests/Info.plist";
				LD_RUNPATH_SEARCH_PATHS = "$(inherited) @executable_path/Frameworks @loader_path/Frameworks";
				PRODUCT_BUNDLE_IDENTIFIER = "com.inskire.Germanisy-ObjectiveCUITests";
				PRODUCT_NAME = "$(TARGET_NAME)";
				TARGETED_DEVICE_FAMILY = "1,2";
				TEST_TARGET_NAME = "Germanisy-ObjectiveC";
			};
			name = Release;
		};
/* End XCBuildConfiguration section */

/* Begin XCConfigurationList section */
		47D7B6971FCD983900D50366 /* Build configuration list for PBXProject "Germanisy-ObjectiveC" */ = {
			isa = XCConfigurationList;
			buildConfigurations = (
				47D7B6C91FCD983900D50366 /* Debug */,
				47D7B6CA1FCD983900D50366 /* Release */,
			);
			defaultConfigurationIsVisible = 0;
			defaultConfigurationName = Release;
		};
		47D7B6CB1FCD983900D50366 /* Build configuration list for PBXNativeTarget "Germanisy-ObjectiveC" */ = {
			isa = XCConfigurationList;
			buildConfigurations = (
				47D7B6CC1FCD983900D50366 /* Debug */,
				47D7B6CD1FCD983900D50366 /* Release */,
			);
			defaultConfigurationIsVisible = 0;
			defaultConfigurationName = Release;
		};
		47D7B6CE1FCD983900D50366 /* Build configuration list for PBXNativeTarget "Germanisy-ObjectiveCTests" */ = {
			isa = XCConfigurationList;
			buildConfigurations = (
				47D7B6CF1FCD983900D50366 /* Debug */,
				47D7B6D01FCD983900D50366 /* Release */,
			);
			defaultConfigurationIsVisible = 0;
			defaultConfigurationName = Release;
		};
		47D7B6D11FCD983900D50366 /* Build configuration list for PBXNativeTarget "Germanisy-ObjectiveCUITests" */ = {
			isa = XCConfigurationList;
			buildConfigurations = (
				47D7B6D21FCD983900D50366 /* Debug */,
				47D7B6D31FCD983900D50366 /* Release */,
			);
			defaultConfigurationIsVisible = 0;
			defaultConfigurationName = Release;
		};
/* End XCConfigurationList section */

/* Begin XCVersionGroup section */
		47D7B6A81FCD983900D50366 /* Germanisy_ObjectiveC.xcdatamodeld */ = {
			isa = XCVersionGroup;
			children = (
				47D7B6A91FCD983900D50366 /* Germanisy_ObjectiveC.xcdatamodel */,
			);
			currentVersion = 47D7B6A91FCD983900D50366 /* Germanisy_ObjectiveC.xcdatamodel */;
			path = Germanisy_ObjectiveC.xcdatamodeld;
			sourceTree = "<group>";
			versionGroupType = wrapper.xcdatamodel;
		};
/* End XCVersionGroup section */
	};
	rootObject = 47D7B6941FCD983900D50366 /* Project object */;
}
